
Microsoft Visual Studio Solution File, Format Version 12.00
# Visual Studio 15
VisualStudioVersion = 15.0.27703.2047
MinimumVisualStudioVersion = 10.0.40219.1
Project("{FAE04EC0-301F-11D3-BF4B-00C04F79EFBC}") = "Runner", "Runner\Runner.csproj", "{C14E918F-D566-4A9D-9517-C4D6ACD995D5}"
EndProject
Project("{FAE04EC0-301F-11D3-BF4B-00C04F79EFBC}") = "Tests", "Tests\Tests.csproj", "{6356600C-3373-4DCA-9942-3715A3C6DBD5}"
EndProject
Global
	GlobalSection(SolutionConfigurationPlatforms) = preSolution
		Debug|Any CPU = Debug|Any CPU
		Release|Any CPU = Release|Any CPU
	EndGlobalSection
	GlobalSection(ProjectConfigurationPlatforms) = postSolution
		{C14E918F-D566-4A9D-9517-C4D6ACD995D5}.Debug|Any CPU.ActiveCfg = Debug|Any CPU
		{C14E918F-D566-4A9D-9517-C4D6ACD995D5}.Debug|Any CPU.Build.0 = Debug|Any CPU
		{C14E918F-D566-4A9D-9517-C4D6ACD995D5}.Release|Any CPU.ActiveCfg = Release|Any CPU
		{C14E918F-D566-4A9D-9517-C4D6ACD995D5}.Release|Any CPU.Build.0 = Release|Any CPU
		{6356600C-3373-4DCA-9942-3715A3C6DBD5}.Debug|Any CPU.ActiveCfg = Debug|Any CPU
		{6356600C-3373-4DCA-9942-3715A3C6DBD5}.Debug|Any CPU.Build.0 = Debug|Any CPU
		{6356600C-3373-4DCA-9942-3715A3C6DBD5}.Release|Any CPU.ActiveCfg = Release|Any CPU
		{6356600C-3373-4DCA-9942-3715A3C6DBD5}.Release|Any CPU.Build.0 = Release|Any CPU
	EndGlobalSection
	GlobalSection(SolutionProperties) = preSolution
		HideSolutionNode = FALSE
	EndGlobalSection
	GlobalSection(ExtensibilityGlobals) = postSolution
		SolutionGuid = {522E447B-EC90-4434-9B5C-29BC18146149}
	EndGlobalSection
EndGlobal
